
Microsoft Visual Studio Solution File, Format Version 12.00
# Visual Studio Version 17
VisualStudioVersion = 17.4.32804.182
MinimumVisualStudioVersion = 10.0.40219.1
Project("{8BC9CEB8-8B4A-11D0-8D11-00A0C91BC942}") = "SnakeAI", "SnakeAI\SnakeAI.vcxproj", "{C6C7DEDE-FCD7-4814-B894-0860A77BEAC2}"
EndProject
Global
	GlobalSection(SolutionConfigurationPlatforms) = preSolution
		Debug|x64 = Debug|x64
		Debug|x86 = Debug|x86
		Release|x64 = Release|x64
		Release|x86 = Release|x86
	EndGlobalSection
	GlobalSection(ProjectConfigurationPlatforms) = postSolution
		{C6C7DEDE-FCD7-4814-B894-0860A77BEAC2}.Debug|x64.ActiveCfg = Debug|x64
		{C6C7DEDE-FCD7-4814-B894-0860A77BEAC2}.Debug|x64.Build.0 = Debug|x64
		{C6C7DEDE-FCD7-4814-B894-0860A77BEAC2}.Debug|x86.ActiveCfg = Debug|Win32
		{C6C7DEDE-FCD7-4814-B894-0860A77BEAC2}.Debug|x86.Build.0 = Debug|Win32
		{C6C7DEDE-FCD7-4814-B894-0860A77BEAC2}.Release|x64.ActiveCfg = Release|x64
		{C6C7DEDE-FCD7-4814-B894-0860A77BEAC2}.Release|x64.Build.0 = Release|x64
		{C6C7DEDE-FCD7-4814-B894-0860A77BEAC2}.Release|x86.ActiveCfg = Release|Win32
		{C6C7DEDE-FCD7-4814-B894-0860A77BEAC2}.Release|x86.Build.0 = Release|Win32
	EndGlobalSection
	GlobalSection(SolutionProperties) = preSolution
		HideSolutionNode = FALSE
	EndGlobalSection
	GlobalSection(ExtensibilityGlobals) = postSolution
		SolutionGuid = {0D40FC65-66FD-4024-B39D-8269028D2F48}
	EndGlobalSection
EndGlobal
